
Microsoft Visual Studio Solution File, Format Version 12.00
# Visual Studio Version 17
VisualStudioVersion = 17.5.33424.131
MinimumVisualStudioVersion = 10.0.40219.1
Project("{8BC9CEB8-8B4A-11D0-8D11-00A0C91BC942}") = "KDTreeConsole", "KDTreeConsole\KDTreeConsole.vcxproj", "{4515A31B-B75A-41FC-ABCE-497F04C12E2B}"
EndProject
Global
	GlobalSection(SolutionConfigurationPlatforms) = preSolution
		Debug|x64 = Debug|x64
		Debug|x86 = Debug|x86
		Release|x64 = Release|x64
		Release|x86 = Release|x86
	EndGlobalSection
	GlobalSection(ProjectConfigurationPlatforms) = postSolution
		{4515A31B-B75A-41FC-ABCE-497F04C12E2B}.Debug|x64.ActiveCfg = Debug|x64
		{4515A31B-B75A-41FC-ABCE-497F04C12E2B}.Debug|x64.Build.0 = Debug|x64
		{4515A31B-B75A-41FC-ABCE-497F04C12E2B}.Debug|x86.ActiveCfg = Debug|Win32
		{4515A31B-B75A-41FC-ABCE-497F04C12E2B}.Debug|x86.Build.0 = Debug|Win32
		{4515A31B-B75A-41FC-ABCE-497F04C12E2B}.Release|x64.ActiveCfg = Release|x64
		{4515A31B-B75A-41FC-ABCE-497F04C12E2B}.Release|x64.Build.0 = Release|x64
		{4515A31B-B75A-41FC-ABCE-497F04C12E2B}.Release|x86.ActiveCfg = Release|Win32
		{4515A31B-B75A-41FC-ABCE-497F04C12E2B}.Release|x86.Build.0 = Release|Win32
	EndGlobalSection
	GlobalSection(SolutionProperties) = preSolution
		HideSolutionNode = FALSE
	EndGlobalSection
	GlobalSection(ExtensibilityGlobals) = postSolution
		SolutionGuid = {3D26D553-6B82-4348-B561-88E770080F7E}
	EndGlobalSection
EndGlobal
